Microsoft Visual Studio Solution File, Format Version 12.00
# Visual Studio Version 17
VisualStudioVersion = 17.5.2.0
MinimumVisualStudioVersion = 10.0.40219.1
Project("{FAE04EC0-301F-11D3-BF4B-00C04F79EFBC}") = "cardapio_digital", "cardapio_digital.csproj", "{19E51AB3-16B6-5893-26C8-5EAC98B1C82F}"
EndProject
Global
	GlobalSection(SolutionConfigurationPlatforms) = preSolution
		Debug|Any CPU = Debug|Any CPU
		Release|Any CPU = Release|Any CPU
	EndGlobalSection
	GlobalSection(ProjectConfigurationPlatforms) = postSolution
		{19E51AB3-16B6-5893-26C8-5EAC98B1C82F}.Debug|Any CPU.ActiveCfg = Debug|Any CPU
		{19E51AB3-16B6-5893-26C8-5EAC98B1C82F}.Debug|Any CPU.Build.0 = Debug|Any CPU
		{19E51AB3-16B6-5893-26C8-5EAC98B1C82F}.Release|Any CPU.ActiveCfg = Release|Any CPU
		{19E51AB3-16B6-5893-26C8-5EAC98B1C82F}.Release|Any CPU.Build.0 = Release|Any CPU
	EndGlobalSection
	GlobalSection(SolutionProperties) = preSolution
		HideSolutionNode = FALSE
	EndGlobalSection
	GlobalSection(ExtensibilityGlobals) = postSolution
		SolutionGuid = {60B44A8F-D3E0-4022-BEB3-8040C8D427FB}
	EndGlobalSection
EndGlobal
